<?xml version="1.0" encoding="utf-8"?>
<Project ToolsVersion="4.0" xmlns="http://schemas.microsoft.com/developer/msbuild/2003">
  <ItemGroup>
    <Filter Include="Source Files">
      <UniqueIdentifier>{4FC737F1-C7A5-4376-A066-2A32D752A2FF}</UniqueIdentifier>
      <Extensions>cpp;c;cc;cxx;c++;cppm;ixx;def;odl;idl;hpj;bat;asm;asmx</Extensions>
    </Filter>
    <Filter Include="Header Files">
      <UniqueIdentifier>{93995380-89BD-4b04-88EB-625FBE52EBFB}</UniqueIdentifier>
      <Extensions>h;hh;hpp;hxx;h++;hm;inl;inc;ipp;xsd</Extensions>
    </Filter>
    <Filter Include="Resource Files">
      <UniqueIdentifier>{67DA6AB6-F800-4c08-8B7A-83BB121AAD01}</UniqueIdentifier>
      <Extensions>rc;ico;cur;bmp;dlg;rc2;rct;bin;rgs;gif;jpg;jpeg;jpe;resx;tiff;tif;png;wav;mfcribbon-ms</Extensions>
    </Filter>
    <Filter Include="Sounds">
      <UniqueIdentifier>{11b70a12-c6a3-4fc1-b4f5-5de73020f899}</UniqueIdentifier>
    </Filter>
  </ItemGroup>
  <ItemGroup>
    <ClCompile Include="main.cpp">
      <Filter>Source Files</Filter>
    </ClCompile>
    <ClCompile Include="player.cpp">
      <Filter>Source Files</Filter>
    </ClCompile>
    <ClCompile Include="game_main.cpp">
      <Filter>Source Files</Filter>
    </ClCompile>
    <ClCompile Include="coins.cpp">
      <Filter>Source Files</Filter>
    </ClCompile>
  </ItemGroup>
  <ItemGroup>
    <Image Include="..\..\Space_invader_raylib\Graphics\crate.png">
      <Filter>Source Files</Filter>
    </Image>
    <Image Include="scarfy.png">
      <Filter>Source Files</Filter>
    </Image>
    <Image Include="coin.gif">
      <Filter>Source Files</Filter>
    </Image>
    <Image Include="dragon.gif">
      <Filter>Source Files</Filter>
    </Image>
    <Image Include="ghost.gif">
      <Filter>Source Files</Filter>
    </Image>
    <Image Include="bat_right.gif">
      <Filter>Source Files</Filter>
    </Image>
    <Image Include="bat_left.gif">
      <Filter>Source Files</Filter>
    </Image>
    <Image Include="soldier_left.gif">
      <Filter>Source Files</Filter>
    </Image>
    <Image Include="soldier_right.gif">
      <Filter>Source Files</Filter>
    </Image>
    <Image Include="bat.png">
      <Filter>Source Files</Filter>
    </Image>
    <Image Include="skilton.png">
      <Filter>Source Files</Filter>
    </Image>
    <Image Include="skilton_left.gif">
      <Filter>Source Files</Filter>
    </Image>
    <Image Include="skilton_right.gif">
      <Filter>Source Files</Filter>
    </Image>
    <Image Include="lives.png">
      <Filter>Source Files</Filter>
    </Image>
    <Image Include="but.jpg">
      <Filter>Source Files</Filter>
    </Image>
    <Image Include="button.png">
      <Filter>Source Files</Filter>
    </Image>
  </ItemGroup>
  <ItemGroup>
    <ClInclude Include="player.hpp">
      <Filter>Header Files</Filter>
    </ClInclude>
    <ClInclude Include="game_main.hpp">
      <Filter>Header Files</Filter>
    </ClInclude>
    <ClInclude Include="coins.hpp">
      <Filter>Header Files</Filter>
    </ClInclude>
    <ClInclude Include="Base_class.hpp">
      <Filter>Header Files</Filter>
    </ClInclude>
  </ItemGroup>
  <ItemGroup>
    <Text Include="High_score.txt">
      <Filter>Source Files</Filter>
    </Text>
  </ItemGroup>
  <ItemGroup>
    <Media Include="Sounds\concrete-footsteps-6752.mp3">
      <Filter>Sounds</Filter>
    </Media>
    <Media Include="Sounds\kill_by_enemy.mp3">
      <Filter>Sounds</Filter>
    </Media>
    <Media Include="Sounds\player_fall_down.mp3">
      <Filter>Sounds</Filter>
    </Media>
    <Media Include="Sounds\when_landing_from_jump.mp3">
      <Filter>Sounds</Filter>
    </Media>
    <Media Include="Sounds\player_walking.mp3">
      <Filter>Sounds</Filter>
    </Media>
    <Media Include="Sounds\coins_collection.wav">
      <Filter>Sounds</Filter>
    </Media>
    <Media Include="Sounds\Player_hit.mp3">
      <Filter>Sounds</Filter>
    </Media>
    <Media Include="Sounds\Game_over.mp3">
      <Filter>Sounds</Filter>
    </Media>
    <Media Include="Sounds\Game_music.mp3">
      <Filter>Sounds</Filter>
    </Media>
  </ItemGroup>
</Project>