<?xml version="1.0" encoding="utf-8"?>
<Project ToolsVersion="4.0" xmlns="http://schemas.microsoft.com/developer/msbuild/2003">
  <ItemGroup>
    <Filter Include="Source Files">
      <UniqueIdentifier>{4FC737F1-C7A5-4376-A066-2A32D752A2FF}</UniqueIdentifier>
      <Extensions>cpp;c;cc;cxx;c++;cppm;ixx;def;odl;idl;hpj;bat;asm;asmx</Extensions>
    </Filter>
    <Filter Include="Resource Files">
      <UniqueIdentifier>{67DA6AB6-F800-4c08-8B7A-83BB121AAD01}</UniqueIdentifier>
      <Extensions>rc;ico;cur;bmp;dlg;rc2;rct;bin;rgs;gif;jpg;jpeg;jpe;resx;tiff;tif;png;wav;mfcribbon-ms</Extensions>
    </Filter>
    <Filter Include="Sounds">
      <UniqueIdentifier>{11b70a12-c6a3-4fc1-b4f5-5de73020f899}</UniqueIdentifier>
    </Filter>
    <Filter Include="Header_files">
      <UniqueIdentifier>{93995380-89BD-4b04-88EB-625FBE52EBFB}</UniqueIdentifier>
      <Extensions>h;hh;hpp;hxx;h++;hm;inl;inc;ipp;xsd</Extensions>
    </Filter>
    <Filter Include="Pictures">
      <UniqueIdentifier>{96d37cbc-d19c-46dc-be3c-a38089c007e9}</UniqueIdentifier>
    </Filter>
  </ItemGroup>
  <ItemGroup>
    <ClCompile Include="main.cpp">
      <Filter>Source Files</Filter>
    </ClCompile>
    <ClCompile Include="player.cpp">
      <Filter>Source Files</Filter>
    </ClCompile>
    <ClCompile Include="coins.cpp">
      <Filter>Source Files</Filter>
    </ClCompile>
    <ClCompile Include="Enemys.cpp">
      <Filter>Source Files</Filter>
    </ClCompile>
    <ClCompile Include="Base_Class.cpp">
      <Filter>Source Files</Filter>
    </ClCompile>
  </ItemGroup>
  <ItemGroup>
    <Text Include="High_score.txt">
      <Filter>Source Files</Filter>
    </Text>
  </ItemGroup>
  <ItemGroup>
    <Media Include="Sounds\concrete-footsteps-6752.mp3">
      <Filter>Sounds</Filter>
    </Media>
    <Media Include="Sounds\kill_by_enemy.mp3">
      <Filter>Sounds</Filter>
    </Media>
    <Media Include="Sounds\player_fall_down.mp3">
      <Filter>Sounds</Filter>
    </Media>
    <Media Include="Sounds\when_landing_from_jump.mp3">
      <Filter>Sounds</Filter>
    </Media>
    <Media Include="Sounds\player_walking.mp3">
      <Filter>Sounds</Filter>
    </Media>
    <Media Include="Sounds\coins_collection.wav">
      <Filter>Sounds</Filter>
    </Media>
    <Media Include="Sounds\Player_hit.mp3">
      <Filter>Sounds</Filter>
    </Media>
    <Media Include="Sounds\Game_over.mp3">
      <Filter>Sounds</Filter>
    </Media>
    <Media Include="Sounds\Game_music.mp3">
      <Filter>Sounds</Filter>
    </Media>
    <Media Include="Sounds\Victory.mp3">
      <Filter>Sounds</Filter>
    </Media>
  </ItemGroup>
  <ItemGroup>
    <ClInclude Include="Header_Files\coins.hpp">
      <Filter>Header_files</Filter>
    </ClInclude>
    <ClInclude Include="Header_Files\player.hpp">
      <Filter>Header_files</Filter>
    </ClInclude>
    <ClInclude Include="Header_Files\Enemys.hpp">
      <Filter>Header_files</Filter>
    </ClInclude>
    <ClInclude Include="Header_Files\Base_class.hpp">
      <Filter>Header_files</Filter>
    </ClInclude>
  </ItemGroup>
  <ItemGroup>
    <Image Include="Pictures\bat_left.gif">
      <Filter>Pictures</Filter>
    </Image>
    <Image Include="Pictures\bat_right.gif">
      <Filter>Pictures</Filter>
    </Image>
    <Image Include="Pictures\button.png">
      <Filter>Pictures</Filter>
    </Image>
    <Image Include="Pictures\coin.gif">
      <Filter>Pictures</Filter>
    </Image>
    <Image Include="Pictures\lives.png">
      <Filter>Pictures</Filter>
    </Image>
    <Image Include="Pictures\skilton_left.gif">
      <Filter>Pictures</Filter>
    </Image>
    <Image Include="Pictures\skilton_right.gif">
      <Filter>Pictures</Filter>
    </Image>
    <Image Include="Pictures\scarfy.png">
      <Filter>Pictures</Filter>
    </Image>
    <Image Include="Class_Diagram.jpg">
      <Filter>Source Files</Filter>
    </Image>
  </ItemGroup>
</Project>